// !$*UTF8*$!
{
	archiveVersion = 1;
	classes = {
	};
	objectVersion = 56;
	objects = {

/* Begin PBXBuildFile section */
		9FDCD66229909FAD0023FE8B /* AppDelegate.swift in Sources */ = {isa = PBXBuildFile; fileRef = 9FDCD66129909FAD0023FE8B /* AppDelegate.swift */; };
		9FDCD66429909FAD0023FE8B /* SceneDelegate.swift in Sources */ = {isa = PBXBuildFile; fileRef = 9FDCD66329909FAD0023FE8B /* SceneDelegate.swift */; };
		9FDCD66629909FAD0023FE8B /* ViewController.swift in Sources */ = {isa = PBXBuildFile; fileRef = 9FDCD66529909FAD0023FE8B /* ViewController.swift */; };
		9FDCD66929909FAD0023FE8B /* Main.storyboard in Resources */ = {isa = PBXBuildFile; fileRef = 9FDCD66729909FAD0023FE8B /* Main.storyboard */; };
		9FDCD66B29909FAD0023FE8B /* Assets.xcassets in Resources */ = {isa = PBXBuildFile; fileRef = 9FDCD66A29909FAD0023FE8B /* Assets.xcassets */; };
		9FDCD66E29909FAD0023FE8B /* LaunchScreen.storyboard in Resources */ = {isa = PBXBuildFile; fileRef = 9FDCD66C29909FAD0023FE8B /* LaunchScreen.storyboard */; };
		9FDCD67629909FCF0023FE8B /* Extensions.swift in Sources */ = {isa = PBXBuildFile; fileRef = 9FDCD67529909FCF0023FE8B /* Extensions.swift */; };
		9FDCD67929909FF00023FE8B /* music.aac in Resources */ = {isa = PBXBuildFile; fileRef = 9FDCD67729909FF00023FE8B /* music.aac */; };
		9FDCD67A29909FF00023FE8B /* DeepLabV3.mlmodel in Sources */ = {isa = PBXBuildFile; fileRef = 9FDCD67829909FF00023FE8B /* DeepLabV3.mlmodel */; };
/* End PBXBuildFile section */

/* Begin PBXFileReference section */
		9FDCD65E29909FAD0023FE8B /* GlamLabTest.app */ = {isa = PBXFileReference; explicitFileType = wrapper.application; includeInIndex = 0; path = GlamLabTest.app; sourceTree = BUILT_PRODUCTS_DIR; };
		9FDCD66129909FAD0023FE8B /* AppDelegate.swift */ = {isa = PBXFileReference; lastKnownFileType = sourcecode.swift; path = AppDelegate.swift; sourceTree = "<group>"; };
		9FDCD66329909FAD0023FE8B /* SceneDelegate.swift */ = {isa = PBXFileReference; lastKnownFileType = sourcecode.swift; path = SceneDelegate.swift; sourceTree = "<group>"; };
		9FDCD66529909FAD0023FE8B /* ViewController.swift */ = {isa = PBXFileReference; lastKnownFileType = sourcecode.swift; path = ViewController.swift; sourceTree = "<group>"; };
		9FDCD66829909FAD0023FE8B /* Base */ = {isa = PBXFileReference; lastKnownFileType = file.storyboard; name = Base; path = Base.lproj/Main.storyboard; sourceTree = "<group>"; };
		9FDCD66A29909FAD0023FE8B /* Assets.xcassets */ = {isa = PBXFileReference; lastKnownFileType = folder.assetcatalog; path = Assets.xcassets; sourceTree = "<group>"; };
		9FDCD66D29909FAD0023FE8B /* Base */ = {isa = PBXFileReference; lastKnownFileType = file.storyboard; name = Base; path = Base.lproj/LaunchScreen.storyboard; sourceTree = "<group>"; };
		9FDCD66F29909FAD0023FE8B /* Info.plist */ = {isa = PBXFileReference; lastKnownFileType = text.plist.xml; path = Info.plist; sourceTree = "<group>"; };
		9FDCD67529909FCF0023FE8B /* Extensions.swift */ = {isa = PBXFileReference; fileEncoding = 4; lastKnownFileType = sourcecode.swift; path = Extensions.swift; sourceTree = "<group>"; };
		9FDCD67729909FF00023FE8B /* music.aac */ = {isa = PBXFileReference; lastKnownFileType = file; path = music.aac; sourceTree = "<group>"; };
		9FDCD67829909FF00023FE8B /* DeepLabV3.mlmodel */ = {isa = PBXFileReference; lastKnownFileType = file.mlmodel; path = DeepLabV3.mlmodel; sourceTree = "<group>"; };
/* End PBXFileReference section */

/* Begin PBXFrameworksBuildPhase section */
		9FDCD65B29909FAD0023FE8B /* Frameworks */ = {
			isa = PBXFrameworksBuildPhase;
			buildActionMask = 2147483647;
			files = (
			);
			runOnlyForDeploymentPostprocessing = 0;
		};
/* End PBXFrameworksBuildPhase section */

/* Begin PBXGroup section */
		9FDCD65529909FAD0023FE8B = {
			isa = PBXGroup;
			children = (
				9FDCD66029909FAD0023FE8B /* GlamLabTest */,
				9FDCD65F29909FAD0023FE8B /* Products */,
			);
			sourceTree = "<group>";
		};
		9FDCD65F29909FAD0023FE8B /* Products */ = {
			isa = PBXGroup;
			children = (
				9FDCD65E29909FAD0023FE8B /* GlamLabTest.app */,
			);
			name = Products;
			sourceTree = "<group>";
		};
		9FDCD66029909FAD0023FE8B /* GlamLabTest */ = {
			isa = PBXGroup;
			children = (
				9FDCD66129909FAD0023FE8B /* AppDelegate.swift */,
				9FDCD66329909FAD0023FE8B /* SceneDelegate.swift */,
				9FDCD66529909FAD0023FE8B /* ViewController.swift */,
				9FDCD67529909FCF0023FE8B /* Extensions.swift */,
				9FDCD66729909FAD0023FE8B /* Main.storyboard */,
				9FDCD66C29909FAD0023FE8B /* LaunchScreen.storyboard */,
				9FDCD66F29909FAD0023FE8B /* Info.plist */,
				9FDCD67829909FF00023FE8B /* DeepLabV3.mlmodel */,
				9FDCD67B2990A0140023FE8B /* Resourses */,
			);
			path = GlamLabTest;
			sourceTree = "<group>";
		};
		9FDCD67B2990A0140023FE8B /* Resourses */ = {
			isa = PBXGroup;
			children = (
				9FDCD66A29909FAD0023FE8B /* Assets.xcassets */,
				9FDCD67729909FF00023FE8B /* music.aac */,
			);
			path = Resourses;
			sourceTree = "<group>";
		};
/* End PBXGroup section */

/* Begin PBXNativeTarget section */
		9FDCD65D29909FAD0023FE8B /* GlamLabTest */ = {
			isa = PBXNativeTarget;
			buildConfigurationList = 9FDCD67229909FAD0023FE8B /* Build configuration list for PBXNativeTarget "GlamLabTest" */;
			buildPhases = (
				9FDCD65A29909FAD0023FE8B /* Sources */,
				9FDCD65B29909FAD0023FE8B /* Frameworks */,
				9FDCD65C29909FAD0023FE8B /* Resources */,
			);
			buildRules = (
			);
			dependencies = (
			);
			name = GlamLabTest;
			productName = GlamLabTest;
			productReference = 9FDCD65E29909FAD0023FE8B /* GlamLabTest.app */;
			productType = "com.apple.product-type.application";
		};
/* End PBXNativeTarget section */

/* Begin PBXProject section */
		9FDCD65629909FAD0023FE8B /* Project object */ = {
			isa = PBXProject;
			attributes = {
				BuildIndependentTargetsInParallel = 1;
				LastSwiftUpdateCheck = 1400;
				LastUpgradeCheck = 1400;
				TargetAttributes = {
					9FDCD65D29909FAD0023FE8B = {
						CreatedOnToolsVersion = 14.0;
					};
				};
			};
			buildConfigurationList = 9FDCD65929909FAD0023FE8B /* Build configuration list for PBXProject "GlamLabTest" */;
			compatibilityVersion = "Xcode 14.0";
			developmentRegion = en;
			hasScannedForEncodings = 0;
			knownRegions = (
				en,
				Base,
			);
			mainGroup = 9FDCD65529909FAD0023FE8B;
			productRefGroup = 9FDCD65F29909FAD0023FE8B /* Products */;
			projectDirPath = "";
			projectRoot = "";
			targets = (
				9FDCD65D29909FAD0023FE8B /* GlamLabTest */,
			);
		};
/* End PBXProject section */

/* Begin PBXResourcesBuildPhase section */
		9FDCD65C29909FAD0023FE8B /* Resources */ = {
			isa = PBXResourcesBuildPhase;
			buildActionMask = 2147483647;
			files = (
				9FDCD66E29909FAD0023FE8B /* LaunchScreen.storyboard in Resources */,
				9FDCD67929909FF00023FE8B /* music.aac in Resources */,
				9FDCD66B29909FAD0023FE8B /* Assets.xcassets in Resources */,
				9FDCD66929909FAD0023FE8B /* Main.storyboard in Resources */,
			);
			runOnlyForDeploymentPostprocessing = 0;
		};
/* End PBXResourcesBuildPhase section */

/* Begin PBXSourcesBuildPhase section */
		9FDCD65A29909FAD0023FE8B /* Sources */ = {
			isa = PBXSourcesBuildPhase;
			buildActionMask = 2147483647;
			files = (
				9FDCD66629909FAD0023FE8B /* ViewController.swift in Sources */,
				9FDCD66229909FAD0023FE8B /* AppDelegate.swift in Sources */,
				9FDCD66429909FAD0023FE8B /* SceneDelegate.swift in Sources */,
				9FDCD67A29909FF00023FE8B /* DeepLabV3.mlmodel in Sources */,
				9FDCD67629909FCF0023FE8B /* Extensions.swift in Sources */,
			);
			runOnlyForDeploymentPostprocessing = 0;
		};
/* End PBXSourcesBuildPhase section */

/* Begin PBXVariantGroup section */
		9FDCD66729909FAD0023FE8B /* Main.storyboard */ = {
			isa = PBXVariantGroup;
			children = (
				9FDCD66829909FAD0023FE8B /* Base */,
			);
			name = Main.storyboard;
			sourceTree = "<group>";
		};
		9FDCD66C29909FAD0023FE8B /* LaunchScreen.storyboard */ = {
			isa = PBXVariantGroup;
			children = (
				9FDCD66D29909FAD0023FE8B /* Base */,
			);
			name = LaunchScreen.storyboard;
			sourceTree = "<group>";
		};
/* End PBXVariantGroup section */

/* Begin XCBuildConfiguration section */
		9FDCD67029909FAD0023FE8B /* Debug */ = {
			isa = XCBuildConfiguration;
			buildSettings = {
				ALWAYS_SEARCH_USER_PATHS = NO;
				CLANG_ANALYZER_NONNULL = YES;
				CLANG_ANALYZER_NUMBER_OBJECT_CONVERSION = YES_AGGRESSIVE;
				CLANG_CXX_LANGUAGE_STANDARD = "gnu++20";
				CLANG_ENABLE_MODULES = YES;
				CLANG_ENABLE_OBJC_ARC = YES;
				CLANG_ENABLE_OBJC_WEAK = YES;
				CLANG_WARN_BLOCK_CAPTURE_AUTORELEASING = YES;
				CLANG_WARN_BOOL_CONVERSION = YES;
				CLANG_WARN_COMMA = YES;
				CLANG_WARN_CONSTANT_CONVERSION = YES;
				CLANG_WARN_DEPRECATED_OBJC_IMPLEMENTATIONS = YES;
				CLANG_WARN_DIRECT_OBJC_ISA_USAGE = YES_ERROR;
				CLANG_WARN_DOCUMENTATION_COMMENTS = YES;
				CLANG_WARN_EMPTY_BODY = YES;
				CLANG_WARN_ENUM_CONVERSION = YES;
				CLANG_WARN_INFINITE_RECURSION = YES;
				CLANG_WARN_INT_CONVERSION = YES;
				CLANG_WARN_NON_LITERAL_NULL_CONVERSION = YES;
				CLANG_WARN_OBJC_IMPLICIT_RETAIN_SELF = YES;
				CLANG_WARN_OBJC_LITERAL_CONVERSION = YES;
				CLANG_WARN_OBJC_ROOT_CLASS = YES_ERROR;
				CLANG_WARN_QUOTED_INCLUDE_IN_FRAMEWORK_HEADER = YES;
				CLANG_WARN_RANGE_LOOP_ANALYSIS = YES;
				CLANG_WARN_STRICT_PROTOTYPES = YES;
				CLANG_WARN_SUSPICIOUS_MOVE = YES;
				CLANG_WARN_UNGUARDED_AVAILABILITY = YES_AGGRESSIVE;
				CLANG_WARN_UNREACHABLE_CODE = YES;
				CLANG_WARN__DUPLICATE_METHOD_MATCH = YES;
				COPY_PHASE_STRIP = NO;
				DEBUG_INFORMATION_FORMAT = dwarf;
				ENABLE_STRICT_OBJC_MSGSEND = YES;
				ENABLE_TESTABILITY = YES;
				GCC_C_LANGUAGE_STANDARD = gnu11;
				GCC_DYNAMIC_NO_PIC = NO;
				GCC_NO_COMMON_BLOCKS = YES;
				GCC_OPTIMIZATION_LEVEL = 0;
				GCC_PREPROCESSOR_DEFINITIONS = (
					"DEBUG=1",
					"$(inherited)",
				);
				GCC_WARN_64_TO_32_BIT_CONVERSION = YES;
				GCC_WARN_ABOUT_RETURN_TYPE = YES_ERROR;
				GCC_WARN_UNDECLARED_SELECTOR = YES;
				GCC_WARN_UNINITIALIZED_AUTOS = YES_AGGRESSIVE;
				GCC_WARN_UNUSED_FUNCTION = YES;
				GCC_WARN_UNUSED_VARIABLE = YES;
				IPHONEOS_DEPLOYMENT_TARGET = 16.0;
				MTL_ENABLE_DEBUG_INFO = INCLUDE_SOURCE;
				MTL_FAST_MATH = YES;
				ONLY_ACTIVE_ARCH = YES;
				SDKROOT = iphoneos;
				SWIFT_ACTIVE_COMPILATION_CONDITIONS = DEBUG;
				SWIFT_OPTIMIZATION_LEVEL = "-Onone";
			};
			name = Debug;
		};
		9FDCD67129909FAD0023FE8B /* Release */ = {
			isa = XCBuildConfiguration;
			buildSettings = {
				ALWAYS_SEARCH_USER_PATHS = NO;
				CLANG_ANALYZER_NONNULL = YES;
				CLANG_ANALYZER_NUMBER_OBJECT_CONVERSION = YES_AGGRESSIVE;
				CLANG_CXX_LANGUAGE_STANDARD = "gnu++20";
				CLANG_ENABLE_MODULES = YES;
				CLANG_ENABLE_OBJC_ARC = YES;
				CLANG_ENABLE_OBJC_WEAK = YES;
				CLANG_WARN_BLOCK_CAPTURE_AUTORELEASING = YES;
				CLANG_WARN_BOOL_CONVERSION = YES;
				CLANG_WARN_COMMA = YES;
				CLANG_WARN_CONSTANT_CONVERSION = YES;
				CLANG_WARN_DEPRECATED_OBJC_IMPLEMENTATIONS = YES;
				CLANG_WARN_DIRECT_OBJC_ISA_USAGE = YES_ERROR;
				CLANG_WARN_DOCUMENTATION_COMMENTS = YES;
				CLANG_WARN_EMPTY_BODY = YES;
				CLANG_WARN_ENUM_CONVERSION = YES;
				CLANG_WARN_INFINITE_RECURSION = YES;
				CLANG_WARN_INT_CONVERSION = YES;
				CLANG_WARN_NON_LITERAL_NULL_CONVERSION = YES;
				CLANG_WARN_OBJC_IMPLICIT_RETAIN_SELF = YES;
				CLANG_WARN_OBJC_LITERAL_CONVERSION = YES;
				CLANG_WARN_OBJC_ROOT_CLASS = YES_ERROR;
				CLANG_WARN_QUOTED_INCLUDE_IN_FRAMEWORK_HEADER = YES;
				CLANG_WARN_RANGE_LOOP_ANALYSIS = YES;
				CLANG_WARN_STRICT_PROTOTYPES = YES;
				CLANG_WARN_SUSPICIOUS_MOVE = YES;
				CLANG_WARN_UNGUARDED_AVAILABILITY = YES_AGGRESSIVE;
				CLANG_WARN_UNREACHABLE_CODE = YES;
				CLANG_WARN__DUPLICATE_METHOD_MATCH = YES;
				COPY_PHASE_STRIP = NO;
				DEBUG_INFORMATION_FORMAT = "dwarf-with-dsym";
				ENABLE_NS_ASSERTIONS = NO;
				ENABLE_STRICT_OBJC_MSGSEND = YES;
				GCC_C_LANGUAGE_STANDARD = gnu11;
				GCC_NO_COMMON_BLOCKS = YES;
				GCC_WARN_64_TO_32_BIT_CONVERSION = YES;
				GCC_WARN_ABOUT_RETURN_TYPE = YES_ERROR;
				GCC_WARN_UNDECLARED_SELECTOR = YES;
				GCC_WARN_UNINITIALIZED_AUTOS = YES_AGGRESSIVE;
				GCC_WARN_UNUSED_FUNCTION = YES;
				GCC_WARN_UNUSED_VARIABLE = YES;
				IPHONEOS_DEPLOYMENT_TARGET = 16.0;
				MTL_ENABLE_DEBUG_INFO = NO;
				MTL_FAST_MATH = YES;
				SDKROOT = iphoneos;
				SWIFT_COMPILATION_MODE = wholemodule;
				SWIFT_OPTIMIZATION_LEVEL = "-O";
				VALIDATE_PRODUCT = YES;
			};
			name = Release;
		};
		9FDCD67329909FAD0023FE8B /* Debug */ = {
			isa = XCBuildConfiguration;
			buildSettings = {
				ASSETCATALOG_COMPILER_APPICON_NAME = AppIcon;
				ASSETCATALOG_COMPILER_GLOBAL_ACCENT_COLOR_NAME = AccentColor;
				CODE_SIGN_STYLE = Automatic;
				CURRENT_PROJECT_VERSION = 1;
				DEVELOPMENT_TEAM = 38TGZAX645;
				GENERATE_INFOPLIST_FILE = YES;
				INFOPLIST_FILE = GlamLabTest/Info.plist;
				INFOPLIST_KEY_UIApplicationSupportsIndirectInputEvents = YES;
				INFOPLIST_KEY_UILaunchStoryboardName = LaunchScreen;
				INFOPLIST_KEY_UIMainStoryboardFile = Main;
				INFOPLIST_KEY_UISupportedInterfaceOrientations_iPad = "UIInterfaceOrientationPortrait UIInterfaceOrientationPortraitUpsideDown UIInterfaceOrientationLandscapeLeft UIInterfaceOrientationLandscapeRight";
				INFOPLIST_KEY_UISupportedInterfaceOrientations_iPhone = "UIInterfaceOrientationPortrait UIInterfaceOrientationLandscapeLeft UIInterfaceOrientationLandscapeRight";
				LD_RUNPATH_SEARCH_PATHS = (
					"$(inherited)",
					"@executable_path/Frameworks",
				);
				MARKETING_VERSION = 1.0;
				PRODUCT_BUNDLE_IDENTIFIER = "Ilya-Filyaev.GlamLabTest";
				PRODUCT_NAME = "$(TARGET_NAME)";
				SWIFT_EMIT_LOC_STRINGS = YES;
				SWIFT_VERSION = 5.0;
				TARGETED_DEVICE_FAMILY = "1,2";
			};
			name = Debug;
		};
		9FDCD67429909FAD0023FE8B /* Release */ = {
			isa = XCBuildConfiguration;
			buildSettings = {
				ASSETCATALOG_COMPILER_APPICON_NAME = AppIcon;
				ASSETCATALOG_COMPILER_GLOBAL_ACCENT_COLOR_NAME = AccentColor;
				CODE_SIGN_STYLE = Automatic;
				CURRENT_PROJECT_VERSION = 1;
				DEVELOPMENT_TEAM = 38TGZAX645;
				GENERATE_INFOPLIST_FILE = YES;
				INFOPLIST_FILE = GlamLabTest/Info.plist;
				INFOPLIST_KEY_UIApplicationSupportsIndirectInputEvents = YES;
				INFOPLIST_KEY_UILaunchStoryboardName = LaunchScreen;
				INFOPLIST_KEY_UIMainStoryboardFile = Main;
				INFOPLIST_KEY_UISupportedInterfaceOrientations_iPad = "UIInterfaceOrientationPortrait UIInterfaceOrientationPortraitUpsideDown UIInterfaceOrientationLandscapeLeft UIInterfaceOrientationLandscapeRight";
				INFOPLIST_KEY_UISupportedInterfaceOrientations_iPhone = "UIInterfaceOrientationPortrait UIInterfaceOrientationLandscapeLeft UIInterfaceOrientationLandscapeRight";
				LD_RUNPATH_SEARCH_PATHS = (
					"$(inherited)",
					"@executable_path/Frameworks",
				);
				MARKETING_VERSION = 1.0;
				PRODUCT_BUNDLE_IDENTIFIER = "Ilya-Filyaev.GlamLabTest";
				PRODUCT_NAME = "$(TARGET_NAME)";
				SWIFT_EMIT_LOC_STRINGS = YES;
				SWIFT_VERSION = 5.0;
				TARGETED_DEVICE_FAMILY = "1,2";
			};
			name = Release;
		};
/* End XCBuildConfiguration section */

/* Begin XCConfigurationList section */
		9FDCD65929909FAD0023FE8B /* Build configuration list for PBXProject "GlamLabTest" */ = {
			isa = XCConfigurationList;
			buildConfigurations = (
				9FDCD67029909FAD0023FE8B /* Debug */,
				9FDCD67129909FAD0023FE8B /* Release */,
			);
			defaultConfigurationIsVisible = 0;
			defaultConfigurationName = Release;
		};
		9FDCD67229909FAD0023FE8B /* Build configuration list for PBXNativeTarget "GlamLabTest" */ = {
			isa = XCConfigurationList;
			buildConfigurations = (
				9FDCD67329909FAD0023FE8B /* Debug */,
				9FDCD67429909FAD0023FE8B /* Release */,
			);
			defaultConfigurationIsVisible = 0;
			defaultConfigurationName = Release;
		};
/* End XCConfigurationList section */
	};
	rootObject = 9FDCD65629909FAD0023FE8B /* Project object */;
}
